
Microsoft Visual Studio Solution File, Format Version 12.00
# Visual Studio Version 17
VisualStudioVersion = 17.8.34330.188
MinimumVisualStudioVersion = 10.0.40219.1
Project("{FAE04EC0-301F-11D3-BF4B-00C04F79EFBC}") = "Projcet", "Projcet\Projcet.csproj", "{968AD22B-9E92-4169-8B96-49F37926E0F1}"
EndProject
Global
	GlobalSection(SolutionConfigurationPlatforms) = preSolution
		Debug|Any CPU = Debug|Any CPU
		Release|Any CPU = Release|Any CPU
	EndGlobalSection
	GlobalSection(ProjectConfigurationPlatforms) = postSolution
		{968AD22B-9E92-4169-8B96-49F37926E0F1}.Debug|Any CPU.ActiveCfg = Debug|Any CPU
		{968AD22B-9E92-4169-8B96-49F37926E0F1}.Debug|Any CPU.Build.0 = Debug|Any CPU
		{968AD22B-9E92-4169-8B96-49F37926E0F1}.Release|Any CPU.ActiveCfg = Release|Any CPU
		{968AD22B-9E92-4169-8B96-49F37926E0F1}.Release|Any CPU.Build.0 = Release|Any CPU
	EndGlobalSection
	GlobalSection(SolutionProperties) = preSolution
		HideSolutionNode = FALSE
	EndGlobalSection
	GlobalSection(ExtensibilityGlobals) = postSolution
		SolutionGuid = {C574EDB9-B7F6-45E1-A6A3-51EEA345FA5C}
	EndGlobalSection
EndGlobal
